
Microsoft Visual Studio Solution File, Format Version 12.00
# Visual Studio 15
VisualStudioVersion = 15.0.27428.2002
MinimumVisualStudioVersion = 10.0.40219.1
Project("{FAE04EC0-301F-11D3-BF4B-00C04F79EFBC}") = "XamarinNative.Android", "XamarinNative\XamarinNative.Android\XamarinNative.Android.csproj", "{21E6F90A-E3A3-4CEF-8058-0621AE60E324}"
EndProject
Project("{D954291E-2A0B-460D-934E-DC6B0785DB48}") = "XamarinNative", "XamarinNative\XamarinNative\XamarinNative.shproj", "{8D03AA48-1643-4326-B8C5-1AD60DFE70B4}"
EndProject
Project("{FAE04EC0-301F-11D3-BF4B-00C04F79EFBC}") = "XamarinNative.BackEnd", "XamarinNative.BackEnd\XamarinNative.BackEnd.csproj", "{CB0BC3F9-DC34-47E6-BD46-4E76BD8A97E2}"
EndProject
Project("{FAE04EC0-301F-11D3-BF4B-00C04F79EFBC}") = "XamarinNative.API", "XamarinNative.API\XamarinNative.API.csproj", "{0347802F-2986-4EFD-A3F0-1EFB1549379A}"
EndProject
Project("{FAE04EC0-301F-11D3-BF4B-00C04F79EFBC}") = "XamarinNative.API.Tests", "XamarinNative.API.Tests\XamarinNative.API.Tests.csproj", "{F1D5DEA4-B37D-46A6-8A13-381AB8A317E5}"
EndProject
Project("{FAE04EC0-301F-11D3-BF4B-00C04F79EFBC}") = "XamarinNative.Domain", "XamarinNative.Domain\XamarinNative.Domain.csproj", "{5B377086-EA13-41C8-8194-73FBD7E58094}"
EndProject
Project("{FAE04EC0-301F-11D3-BF4B-00C04F79EFBC}") = "XamarinNative.Common", "XamarinNative.Common\XamarinNative.Common.csproj", "{7E02A46C-0C27-4E9A-BABE-259EE1EC9AEA}"
EndProject
Global
	GlobalSection(SharedMSBuildProjectFiles) = preSolution
		XamarinNative\XamarinNative\XamarinNative.projitems*{21e6f90a-e3a3-4cef-8058-0621ae60e324}*SharedItemsImports = 4
		XamarinNative\XamarinNative\XamarinNative.projitems*{8d03aa48-1643-4326-b8c5-1ad60dfe70b4}*SharedItemsImports = 13
	EndGlobalSection
	GlobalSection(SolutionConfigurationPlatforms) = preSolution
		Ad-Hoc|Any CPU = Ad-Hoc|Any CPU
		Ad-Hoc|iPhone = Ad-Hoc|iPhone
		Ad-Hoc|iPhoneSimulator = Ad-Hoc|iPhoneSimulator
		AppStore|Any CPU = AppStore|Any CPU
		AppStore|iPhone = AppStore|iPhone
		AppStore|iPhoneSimulator = AppStore|iPhoneSimulator
		Debug|Any CPU = Debug|Any CPU
		Debug|iPhone = Debug|iPhone
		Debug|iPhoneSimulator = Debug|iPhoneSimulator
		Release|Any CPU = Release|Any CPU
		Release|iPhone = Release|iPhone
		Release|iPhoneSimulator = Release|iPhoneSimulator
	EndGlobalSection
	GlobalSection(ProjectConfigurationPlatforms) = postSolution
		{21E6F90A-E3A3-4CEF-8058-0621AE60E324}.Ad-Hoc|Any CPU.ActiveCfg = Release|Any CPU
		{21E6F90A-E3A3-4CEF-8058-0621AE60E324}.Ad-Hoc|Any CPU.Build.0 = Release|Any CPU
		{21E6F90A-E3A3-4CEF-8058-0621AE60E324}.Ad-Hoc|Any CPU.Deploy.0 = Release|Any CPU
		{21E6F90A-E3A3-4CEF-8058-0621AE60E324}.Ad-Hoc|iPhone.ActiveCfg = Release|Any CPU
		{21E6F90A-E3A3-4CEF-8058-0621AE60E324}.Ad-Hoc|iPhone.Build.0 = Release|Any CPU
		{21E6F90A-E3A3-4CEF-8058-0621AE60E324}.Ad-Hoc|iPhone.Deploy.0 = Release|Any CPU
		{21E6F90A-E3A3-4CEF-8058-0621AE60E324}.Ad-Hoc|iPhoneSimulator.ActiveCfg = Release|Any CPU
		{21E6F90A-E3A3-4CEF-8058-0621AE60E324}.Ad-Hoc|iPhoneSimulator.Build.0 = Release|Any CPU
		{21E6F90A-E3A3-4CEF-8058-0621AE60E324}.Ad-Hoc|iPhoneSimulator.Deploy.0 = Release|Any CPU
		{21E6F90A-E3A3-4CEF-8058-0621AE60E324}.AppStore|Any CPU.ActiveCfg = Release|Any CPU
		{21E6F90A-E3A3-4CEF-8058-0621AE60E324}.AppStore|Any CPU.Build.0 = Release|Any CPU
		{21E6F90A-E3A3-4CEF-8058-0621AE60E324}.AppStore|Any CPU.Deploy.0 = Release|Any CPU
		{21E6F90A-E3A3-4CEF-8058-0621AE60E324}.AppStore|iPhone.ActiveCfg = Release|Any CPU
		{21E6F90A-E3A3-4CEF-8058-0621AE60E324}.AppStore|iPhone.Build.0 = Release|Any CPU
		{21E6F90A-E3A3-4CEF-8058-0621AE60E324}.AppStore|iPhone.Deploy.0 = Release|Any CPU
		{21E6F90A-E3A3-4CEF-8058-0621AE60E324}.AppStore|iPhoneSimulator.ActiveCfg = Release|Any CPU
		{21E6F90A-E3A3-4CEF-8058-0621AE60E324}.AppStore|iPhoneSimulator.Build.0 = Release|Any CPU
		{21E6F90A-E3A3-4CEF-8058-0621AE60E324}.AppStore|iPhoneSimulator.Deploy.0 = Release|Any CPU
		{21E6F90A-E3A3-4CEF-8058-0621AE60E324}.Debug|Any CPU.ActiveCfg = Debug|Any CPU
		{21E6F90A-E3A3-4CEF-8058-0621AE60E324}.Debug|Any CPU.Build.0 = Debug|Any CPU
		{21E6F90A-E3A3-4CEF-8058-0621AE60E324}.Debug|Any CPU.Deploy.0 = Debug|Any CPU
		{21E6F90A-E3A3-4CEF-8058-0621AE60E324}.Debug|iPhone.ActiveCfg = Debug|Any CPU
		{21E6F90A-E3A3-4CEF-8058-0621AE60E324}.Debug|iPhone.Build.0 = Debug|Any CPU
		{21E6F90A-E3A3-4CEF-8058-0621AE60E324}.Debug|iPhone.Deploy.0 = Debug|Any CPU
		{21E6F90A-E3A3-4CEF-8058-0621AE60E324}.Debug|iPhoneSimulator.ActiveCfg = Debug|Any CPU
		{21E6F90A-E3A3-4CEF-8058-0621AE60E324}.Debug|iPhoneSimulator.Build.0 = Debug|Any CPU
		{21E6F90A-E3A3-4CEF-8058-0621AE60E324}.Debug|iPhoneSimulator.Deploy.0 = Debug|Any CPU
		{21E6F90A-E3A3-4CEF-8058-0621AE60E324}.Release|Any CPU.ActiveCfg = Release|Any CPU
		{21E6F90A-E3A3-4CEF-8058-0621AE60E324}.Release|Any CPU.Build.0 = Release|Any CPU
		{21E6F90A-E3A3-4CEF-8058-0621AE60E324}.Release|Any CPU.Deploy.0 = Release|Any CPU
		{21E6F90A-E3A3-4CEF-8058-0621AE60E324}.Release|iPhone.ActiveCfg = Release|Any CPU
		{21E6F90A-E3A3-4CEF-8058-0621AE60E324}.Release|iPhone.Build.0 = Release|Any CPU
		{21E6F90A-E3A3-4CEF-8058-0621AE60E324}.Release|iPhone.Deploy.0 = Release|Any CPU
		{21E6F90A-E3A3-4CEF-8058-0621AE60E324}.Release|iPhoneSimulator.ActiveCfg = Release|Any CPU
		{21E6F90A-E3A3-4CEF-8058-0621AE60E324}.Release|iPhoneSimulator.Build.0 = Release|Any CPU
		{21E6F90A-E3A3-4CEF-8058-0621AE60E324}.Release|iPhoneSimulator.Deploy.0 = Release|Any CPU
		{CB0BC3F9-DC34-47E6-BD46-4E76BD8A97E2}.Ad-Hoc|Any CPU.ActiveCfg = Release|Any CPU
		{CB0BC3F9-DC34-47E6-BD46-4E76BD8A97E2}.Ad-Hoc|Any CPU.Build.0 = Release|Any CPU
		{CB0BC3F9-DC34-47E6-BD46-4E76BD8A97E2}.Ad-Hoc|iPhone.ActiveCfg = Release|Any CPU
		{CB0BC3F9-DC34-47E6-BD46-4E76BD8A97E2}.Ad-Hoc|iPhone.Build.0 = Release|Any CPU
		{CB0BC3F9-DC34-47E6-BD46-4E76BD8A97E2}.Ad-Hoc|iPhoneSimulator.ActiveCfg = Release|Any CPU
		{CB0BC3F9-DC34-47E6-BD46-4E76BD8A97E2}.Ad-Hoc|iPhoneSimulator.Build.0 = Release|Any CPU
		{CB0BC3F9-DC34-47E6-BD46-4E76BD8A97E2}.AppStore|Any CPU.ActiveCfg = Release|Any CPU
		{CB0BC3F9-DC34-47E6-BD46-4E76BD8A97E2}.AppStore|Any CPU.Build.0 = Release|Any CPU
		{CB0BC3F9-DC34-47E6-BD46-4E76BD8A97E2}.AppStore|iPhone.ActiveCfg = Release|Any CPU
		{CB0BC3F9-DC34-47E6-BD46-4E76BD8A97E2}.AppStore|iPhone.Build.0 = Release|Any CPU
		{CB0BC3F9-DC34-47E6-BD46-4E76BD8A97E2}.AppStore|iPhoneSimulator.ActiveCfg = Release|Any CPU
		{CB0BC3F9-DC34-47E6-BD46-4E76BD8A97E2}.AppStore|iPhoneSimulator.Build.0 = Release|Any CPU
		{CB0BC3F9-DC34-47E6-BD46-4E76BD8A97E2}.Debug|Any CPU.ActiveCfg = Debug|Any CPU
		{CB0BC3F9-DC34-47E6-BD46-4E76BD8A97E2}.Debug|Any CPU.Build.0 = Debug|Any CPU
		{CB0BC3F9-DC34-47E6-BD46-4E76BD8A97E2}.Debug|iPhone.ActiveCfg = Debug|Any CPU
		{CB0BC3F9-DC34-47E6-BD46-4E76BD8A97E2}.Debug|iPhone.Build.0 = Debug|Any CPU
		{CB0BC3F9-DC34-47E6-BD46-4E76BD8A97E2}.Debug|iPhoneSimulator.ActiveCfg = Debug|Any CPU
		{CB0BC3F9-DC34-47E6-BD46-4E76BD8A97E2}.Debug|iPhoneSimulator.Build.0 = Debug|Any CPU
		{CB0BC3F9-DC34-47E6-BD46-4E76BD8A97E2}.Release|Any CPU.ActiveCfg = Release|Any CPU
		{CB0BC3F9-DC34-47E6-BD46-4E76BD8A97E2}.Release|Any CPU.Build.0 = Release|Any CPU
		{CB0BC3F9-DC34-47E6-BD46-4E76BD8A97E2}.Release|iPhone.ActiveCfg = Release|Any CPU
		{CB0BC3F9-DC34-47E6-BD46-4E76BD8A97E2}.Release|iPhone.Build.0 = Release|Any CPU
		{CB0BC3F9-DC34-47E6-BD46-4E76BD8A97E2}.Release|iPhoneSimulator.ActiveCfg = Release|Any CPU
		{CB0BC3F9-DC34-47E6-BD46-4E76BD8A97E2}.Release|iPhoneSimulator.Build.0 = Release|Any CPU
		{0347802F-2986-4EFD-A3F0-1EFB1549379A}.Ad-Hoc|Any CPU.ActiveCfg = Release|Any CPU
		{0347802F-2986-4EFD-A3F0-1EFB1549379A}.Ad-Hoc|Any CPU.Build.0 = Release|Any CPU
		{0347802F-2986-4EFD-A3F0-1EFB1549379A}.Ad-Hoc|iPhone.ActiveCfg = Release|Any CPU
		{0347802F-2986-4EFD-A3F0-1EFB1549379A}.Ad-Hoc|iPhone.Build.0 = Release|Any CPU
		{0347802F-2986-4EFD-A3F0-1EFB1549379A}.Ad-Hoc|iPhoneSimulator.ActiveCfg = Release|Any CPU
		{0347802F-2986-4EFD-A3F0-1EFB1549379A}.Ad-Hoc|iPhoneSimulator.Build.0 = Release|Any CPU
		{0347802F-2986-4EFD-A3F0-1EFB1549379A}.AppStore|Any CPU.ActiveCfg = Release|Any CPU
		{0347802F-2986-4EFD-A3F0-1EFB1549379A}.AppStore|Any CPU.Build.0 = Release|Any CPU
		{0347802F-2986-4EFD-A3F0-1EFB1549379A}.AppStore|iPhone.ActiveCfg = Release|Any CPU
		{0347802F-2986-4EFD-A3F0-1EFB1549379A}.AppStore|iPhone.Build.0 = Release|Any CPU
		{0347802F-2986-4EFD-A3F0-1EFB1549379A}.AppStore|iPhoneSimulator.ActiveCfg = Release|Any CPU
		{0347802F-2986-4EFD-A3F0-1EFB1549379A}.AppStore|iPhoneSimulator.Build.0 = Release|Any CPU
		{0347802F-2986-4EFD-A3F0-1EFB1549379A}.Debug|Any CPU.ActiveCfg = Debug|Any CPU
		{0347802F-2986-4EFD-A3F0-1EFB1549379A}.Debug|Any CPU.Build.0 = Debug|Any CPU
		{0347802F-2986-4EFD-A3F0-1EFB1549379A}.Debug|iPhone.ActiveCfg = Debug|Any CPU
		{0347802F-2986-4EFD-A3F0-1EFB1549379A}.Debug|iPhone.Build.0 = Debug|Any CPU
		{0347802F-2986-4EFD-A3F0-1EFB1549379A}.Debug|iPhoneSimulator.ActiveCfg = Debug|Any CPU
		{0347802F-2986-4EFD-A3F0-1EFB1549379A}.Debug|iPhoneSimulator.Build.0 = Debug|Any CPU
		{0347802F-2986-4EFD-A3F0-1EFB1549379A}.Release|Any CPU.ActiveCfg = Release|Any CPU
		{0347802F-2986-4EFD-A3F0-1EFB1549379A}.Release|Any CPU.Build.0 = Release|Any CPU
		{0347802F-2986-4EFD-A3F0-1EFB1549379A}.Release|iPhone.ActiveCfg = Release|Any CPU
		{0347802F-2986-4EFD-A3F0-1EFB1549379A}.Release|iPhone.Build.0 = Release|Any CPU
		{0347802F-2986-4EFD-A3F0-1EFB1549379A}.Release|iPhoneSimulator.ActiveCfg = Release|Any CPU
		{0347802F-2986-4EFD-A3F0-1EFB1549379A}.Release|iPhoneSimulator.Build.0 = Release|Any CPU
		{F1D5DEA4-B37D-46A6-8A13-381AB8A317E5}.Ad-Hoc|Any CPU.ActiveCfg = Release|Any CPU
		{F1D5DEA4-B37D-46A6-8A13-381AB8A317E5}.Ad-Hoc|Any CPU.Build.0 = Release|Any CPU
		{F1D5DEA4-B37D-46A6-8A13-381AB8A317E5}.Ad-Hoc|iPhone.ActiveCfg = Release|Any CPU
		{F1D5DEA4-B37D-46A6-8A13-381AB8A317E5}.Ad-Hoc|iPhone.Build.0 = Release|Any CPU
		{F1D5DEA4-B37D-46A6-8A13-381AB8A317E5}.Ad-Hoc|iPhoneSimulator.ActiveCfg = Release|Any CPU
		{F1D5DEA4-B37D-46A6-8A13-381AB8A317E5}.Ad-Hoc|iPhoneSimulator.Build.0 = Release|Any CPU
		{F1D5DEA4-B37D-46A6-8A13-381AB8A317E5}.AppStore|Any CPU.ActiveCfg = Release|Any CPU
		{F1D5DEA4-B37D-46A6-8A13-381AB8A317E5}.AppStore|Any CPU.Build.0 = Release|Any CPU
		{F1D5DEA4-B37D-46A6-8A13-381AB8A317E5}.AppStore|iPhone.ActiveCfg = Release|Any CPU
		{F1D5DEA4-B37D-46A6-8A13-381AB8A317E5}.AppStore|iPhone.Build.0 = Release|Any CPU
		{F1D5DEA4-B37D-46A6-8A13-381AB8A317E5}.AppStore|iPhoneSimulator.ActiveCfg = Release|Any CPU
		{F1D5DEA4-B37D-46A6-8A13-381AB8A317E5}.AppStore|iPhoneSimulator.Build.0 = Release|Any CPU
		{F1D5DEA4-B37D-46A6-8A13-381AB8A317E5}.Debug|Any CPU.ActiveCfg = Debug|Any CPU
		{F1D5DEA4-B37D-46A6-8A13-381AB8A317E5}.Debug|Any CPU.Build.0 = Debug|Any CPU
		{F1D5DEA4-B37D-46A6-8A13-381AB8A317E5}.Debug|iPhone.ActiveCfg = Debug|Any CPU
		{F1D5DEA4-B37D-46A6-8A13-381AB8A317E5}.Debug|iPhone.Build.0 = Debug|Any CPU
		{F1D5DEA4-B37D-46A6-8A13-381AB8A317E5}.Debug|iPhoneSimulator.ActiveCfg = Debug|Any CPU
		{F1D5DEA4-B37D-46A6-8A13-381AB8A317E5}.Debug|iPhoneSimulator.Build.0 = Debug|Any CPU
		{F1D5DEA4-B37D-46A6-8A13-381AB8A317E5}.Release|Any CPU.ActiveCfg = Release|Any CPU
		{F1D5DEA4-B37D-46A6-8A13-381AB8A317E5}.Release|Any CPU.Build.0 = Release|Any CPU
		{F1D5DEA4-B37D-46A6-8A13-381AB8A317E5}.Release|iPhone.ActiveCfg = Release|Any CPU
		{F1D5DEA4-B37D-46A6-8A13-381AB8A317E5}.Release|iPhone.Build.0 = Release|Any CPU
		{F1D5DEA4-B37D-46A6-8A13-381AB8A317E5}.Release|iPhoneSimulator.ActiveCfg = Release|Any CPU
		{F1D5DEA4-B37D-46A6-8A13-381AB8A317E5}.Release|iPhoneSimulator.Build.0 = Release|Any CPU
		{5B377086-EA13-41C8-8194-73FBD7E58094}.Ad-Hoc|Any CPU.ActiveCfg = Release|Any CPU
		{5B377086-EA13-41C8-8194-73FBD7E58094}.Ad-Hoc|Any CPU.Build.0 = Release|Any CPU
		{5B377086-EA13-41C8-8194-73FBD7E58094}.Ad-Hoc|iPhone.ActiveCfg = Release|Any CPU
		{5B377086-EA13-41C8-8194-73FBD7E58094}.Ad-Hoc|iPhone.Build.0 = Release|Any CPU
		{5B377086-EA13-41C8-8194-73FBD7E58094}.Ad-Hoc|iPhoneSimulator.ActiveCfg = Release|Any CPU
		{5B377086-EA13-41C8-8194-73FBD7E58094}.Ad-Hoc|iPhoneSimulator.Build.0 = Release|Any CPU
		{5B377086-EA13-41C8-8194-73FBD7E58094}.AppStore|Any CPU.ActiveCfg = Release|Any CPU
		{5B377086-EA13-41C8-8194-73FBD7E58094}.AppStore|Any CPU.Build.0 = Release|Any CPU
		{5B377086-EA13-41C8-8194-73FBD7E58094}.AppStore|iPhone.ActiveCfg = Release|Any CPU
		{5B377086-EA13-41C8-8194-73FBD7E58094}.AppStore|iPhone.Build.0 = Release|Any CPU
		{5B377086-EA13-41C8-8194-73FBD7E58094}.AppStore|iPhoneSimulator.ActiveCfg = Release|Any CPU
		{5B377086-EA13-41C8-8194-73FBD7E58094}.AppStore|iPhoneSimulator.Build.0 = Release|Any CPU
		{5B377086-EA13-41C8-8194-73FBD7E58094}.Debug|Any CPU.ActiveCfg = Debug|Any CPU
		{5B377086-EA13-41C8-8194-73FBD7E58094}.Debug|Any CPU.Build.0 = Debug|Any CPU
		{5B377086-EA13-41C8-8194-73FBD7E58094}.Debug|iPhone.ActiveCfg = Debug|Any CPU
		{5B377086-EA13-41C8-8194-73FBD7E58094}.Debug|iPhone.Build.0 = Debug|Any CPU
		{5B377086-EA13-41C8-8194-73FBD7E58094}.Debug|iPhoneSimulator.ActiveCfg = Debug|Any CPU
		{5B377086-EA13-41C8-8194-73FBD7E58094}.Debug|iPhoneSimulator.Build.0 = Debug|Any CPU
		{5B377086-EA13-41C8-8194-73FBD7E58094}.Release|Any CPU.ActiveCfg = Release|Any CPU
		{5B377086-EA13-41C8-8194-73FBD7E58094}.Release|Any CPU.Build.0 = Release|Any CPU
		{5B377086-EA13-41C8-8194-73FBD7E58094}.Release|iPhone.ActiveCfg = Release|Any CPU
		{5B377086-EA13-41C8-8194-73FBD7E58094}.Release|iPhone.Build.0 = Release|Any CPU
		{5B377086-EA13-41C8-8194-73FBD7E58094}.Release|iPhoneSimulator.ActiveCfg = Release|Any CPU
		{5B377086-EA13-41C8-8194-73FBD7E58094}.Release|iPhoneSimulator.Build.0 = Release|Any CPU
		{7E02A46C-0C27-4E9A-BABE-259EE1EC9AEA}.Ad-Hoc|Any CPU.ActiveCfg = Release|Any CPU
		{7E02A46C-0C27-4E9A-BABE-259EE1EC9AEA}.Ad-Hoc|Any CPU.Build.0 = Release|Any CPU
		{7E02A46C-0C27-4E9A-BABE-259EE1EC9AEA}.Ad-Hoc|iPhone.ActiveCfg = Release|Any CPU
		{7E02A46C-0C27-4E9A-BABE-259EE1EC9AEA}.Ad-Hoc|iPhone.Build.0 = Release|Any CPU
		{7E02A46C-0C27-4E9A-BABE-259EE1EC9AEA}.Ad-Hoc|iPhoneSimulator.ActiveCfg = Release|Any CPU
		{7E02A46C-0C27-4E9A-BABE-259EE1EC9AEA}.Ad-Hoc|iPhoneSimulator.Build.0 = Release|Any CPU
		{7E02A46C-0C27-4E9A-BABE-259EE1EC9AEA}.AppStore|Any CPU.ActiveCfg = Release|Any CPU
		{7E02A46C-0C27-4E9A-BABE-259EE1EC9AEA}.AppStore|Any CPU.Build.0 = Release|Any CPU
		{7E02A46C-0C27-4E9A-BABE-259EE1EC9AEA}.AppStore|iPhone.ActiveCfg = Release|Any CPU
		{7E02A46C-0C27-4E9A-BABE-259EE1EC9AEA}.AppStore|iPhone.Build.0 = Release|Any CPU
		{7E02A46C-0C27-4E9A-BABE-259EE1EC9AEA}.AppStore|iPhoneSimulator.ActiveCfg = Release|Any CPU
		{7E02A46C-0C27-4E9A-BABE-259EE1EC9AEA}.AppStore|iPhoneSimulator.Build.0 = Release|Any CPU
		{7E02A46C-0C27-4E9A-BABE-259EE1EC9AEA}.Debug|Any CPU.ActiveCfg = Debug|Any CPU
		{7E02A46C-0C27-4E9A-BABE-259EE1EC9AEA}.Debug|Any CPU.Build.0 = Debug|Any CPU
		{7E02A46C-0C27-4E9A-BABE-259EE1EC9AEA}.Debug|iPhone.ActiveCfg = Debug|Any CPU
		{7E02A46C-0C27-4E9A-BABE-259EE1EC9AEA}.Debug|iPhone.Build.0 = Debug|Any CPU
		{7E02A46C-0C27-4E9A-BABE-259EE1EC9AEA}.Debug|iPhoneSimulator.ActiveCfg = Debug|Any CPU
		{7E02A46C-0C27-4E9A-BABE-259EE1EC9AEA}.Debug|iPhoneSimulator.Build.0 = Debug|Any CPU
		{7E02A46C-0C27-4E9A-BABE-259EE1EC9AEA}.Release|Any CPU.ActiveCfg = Release|Any CPU
		{7E02A46C-0C27-4E9A-BABE-259EE1EC9AEA}.Release|Any CPU.Build.0 = Release|Any CPU
		{7E02A46C-0C27-4E9A-BABE-259EE1EC9AEA}.Release|iPhone.ActiveCfg = Release|Any CPU
		{7E02A46C-0C27-4E9A-BABE-259EE1EC9AEA}.Release|iPhone.Build.0 = Release|Any CPU
		{7E02A46C-0C27-4E9A-BABE-259EE1EC9AEA}.Release|iPhoneSimulator.ActiveCfg = Release|Any CPU
		{7E02A46C-0C27-4E9A-BABE-259EE1EC9AEA}.Release|iPhoneSimulator.Build.0 = Release|Any CPU
	EndGlobalSection
	GlobalSection(SolutionProperties) = preSolution
		HideSolutionNode = FALSE
	EndGlobalSection
	GlobalSection(ExtensibilityGlobals) = postSolution
		SolutionGuid = {1D612A82-991D-44E5-ADC7-D711249813FD}
	EndGlobalSection
EndGlobal
